{
    "_readme": [
        "This file locks the dependencies of your project to a known state",
        "Read more about it at https://getcomposer.org/doc/01-basic-usage.md#composer-lock-the-lock-file",
        "This file is @generated automatically"
    ],
    "hash": "d979fc01b6e52c0c063aa398e312cb9b",
    "content-hash": "5a6c496c1ad09b6c685022b121bb8469",
    "packages": [
        {
            "name": "thunderer/shortcode",
            "version": "dev-master",
            "source": {
                "type": "git",
                "url": "https://github.com/rhukster/Shortcode.git",
                "reference": "6db67219983fa73e1a46856c353f38c612fa97e3"
            },
            "dist": {
                "type": "zip",
                "url": "https://api.github.com/repos/rhukster/Shortcode/zipball/6db67219983fa73e1a46856c353f38c612fa97e3",
                "reference": "6db67219983fa73e1a46856c353f38c612fa97e3",
                "shasum": ""
            },
            "require": {
                "php": ">=5.3"
            },
            "require-dev": {
                "phpunit/phpunit": "~4.1"
            },
            "suggest": {
                "ext-dom": "if you want to use XML serializer",
                "ext-json": "if you want to use JSON serializer",
                "symfony/yaml": "if you want to use YAML serializer"
            },
            "type": "library",
            "autoload": {
                "psr-4": {
                    "Thunder\\Shortcode\\": "src/",
                    "Thunder\\Shortcode\\Tests\\": "tests/"
                }
            },
            "license": [
                "MIT"
            ],
            "authors": [
                {
                    "name": "Tomasz Kowalczyk",
                    "email": "tomasz@kowalczyk.cc"
                }
            ],
            "description": "Advanced shortcode (BBCode) parser and engine for PHP",
            "keywords": [
                "bbcode",
                "engine",
                "library",
                "parser",
                "shortcode"
            ],
            "support": {
                "source": "https://github.com/rhukster/Shortcode/tree/master"
            },
            "time": "2016-01-20 03:44:14"
        }
    ],
    "packages-dev": [],
    "aliases": [],
    "minimum-stability": "stable",
    "stability-flags": {
        "thunderer/shortcode": 20
    },
    "prefer-stable": false,
    "prefer-lowest": false,
    "platform": [],
    "platform-dev": []
}
